
Microsoft Visual Studio Solution File, Format Version 12.00
# Visual Studio Version 17
VisualStudioVersion = 17.11.35312.102
MinimumVisualStudioVersion = 10.0.40219.1
Project("{FAE04EC0-301F-11D3-BF4B-00C04F79EFBC}") = "Faktoriyel", "Faktoriyel\Faktoriyel.csproj", "{1A01C3EF-3D8D-4371-9A39-24616B308934}"
EndProject
Global
	GlobalSection(SolutionConfigurationPlatforms) = preSolution
		Debug|Any CPU = Debug|Any CPU
		Release|Any CPU = Release|Any CPU
	EndGlobalSection
	GlobalSection(ProjectConfigurationPlatforms) = postSolution
		{1A01C3EF-3D8D-4371-9A39-24616B308934}.Debug|Any CPU.ActiveCfg = Debug|Any CPU
		{1A01C3EF-3D8D-4371-9A39-24616B308934}.Debug|Any CPU.Build.0 = Debug|Any CPU
		{1A01C3EF-3D8D-4371-9A39-24616B308934}.Release|Any CPU.ActiveCfg = Release|Any CPU
		{1A01C3EF-3D8D-4371-9A39-24616B308934}.Release|Any CPU.Build.0 = Release|Any CPU
	EndGlobalSection
	GlobalSection(SolutionProperties) = preSolution
		HideSolutionNode = FALSE
	EndGlobalSection
	GlobalSection(ExtensibilityGlobals) = postSolution
		SolutionGuid = {A0ED8808-56B0-4563-BF00-FBBDD28E88F6}
	EndGlobalSection
EndGlobal
